// !$*UTF8*$!
{
	archiveVersion = 1;
	classes = {
	};
	objectVersion = 55;
	objects = {

/* Begin PBXBuildFile section */
		5829E35B28B77FF20074816C /* AppDelegate.swift in Sources */ = {isa = PBXBuildFile; fileRef = 5829E35A28B77FF20074816C /* AppDelegate.swift */; };
		5829E35D28B77FF20074816C /* SceneDelegate.swift in Sources */ = {isa = PBXBuildFile; fileRef = 5829E35C28B77FF20074816C /* SceneDelegate.swift */; };
		5829E36228B77FF20074816C /* Main.storyboard in Resources */ = {isa = PBXBuildFile; fileRef = 5829E36028B77FF20074816C /* Main.storyboard */; };
		5829E36428B77FF40074816C /* Assets.xcassets in Resources */ = {isa = PBXBuildFile; fileRef = 5829E36328B77FF40074816C /* Assets.xcassets */; };
		5829E36728B77FF40074816C /* LaunchScreen.storyboard in Resources */ = {isa = PBXBuildFile; fileRef = 5829E36528B77FF40074816C /* LaunchScreen.storyboard */; };
		5829E36F28B782550074816C /* MainTableViewController.swift in Sources */ = {isa = PBXBuildFile; fileRef = 5829E36E28B782550074816C /* MainTableViewController.swift */; };
		5829E37128B7C56B0074816C /* CustomTableViewCell.swift in Sources */ = {isa = PBXBuildFile; fileRef = 5829E37028B7C56A0074816C /* CustomTableViewCell.swift */; };
		5829E37328B7DBD40074816C /* StadiumModel.swift in Sources */ = {isa = PBXBuildFile; fileRef = 5829E37228B7DBD40074816C /* StadiumModel.swift */; };
		5829E37528B8D34D0074816C /* NewClubTableViewController.swift in Sources */ = {isa = PBXBuildFile; fileRef = 5829E37428B8D34D0074816C /* NewClubTableViewController.swift */; };
		5829E37728BA4A260074816C /* StorageManager.swift in Sources */ = {isa = PBXBuildFile; fileRef = 5829E37628BA4A260074816C /* StorageManager.swift */; };
		58CA915128BCDF7D00F8CB72 /* RatingControl.swift in Sources */ = {isa = PBXBuildFile; fileRef = 58CA915028BCDF7D00F8CB72 /* RatingControl.swift */; };
		58DD6FBE28D0D6DA0053F50D /* MapManager.swift in Sources */ = {isa = PBXBuildFile; fileRef = 58DD6FBD28D0D6DA0053F50D /* MapManager.swift */; };
		58E8C32D28C0C14C0052B8D4 /* MapViewController.swift in Sources */ = {isa = PBXBuildFile; fileRef = 58E8C32C28C0C14C0052B8D4 /* MapViewController.swift */; };
		6D5586FD53AAC1F97DAF3AF2 /* Pods_Fan_Diary.framework in Frameworks */ = {isa = PBXBuildFile; fileRef = 841E5BA5DFFF7BB6F0A03940 /* Pods_Fan_Diary.framework */; };
/* End PBXBuildFile section */

/* Begin PBXFileReference section */
		249758128C4A879926762277 /* Pods-Fan Diary.debug.xcconfig */ = {isa = PBXFileReference; includeInIndex = 1; lastKnownFileType = text.xcconfig; name = "Pods-Fan Diary.debug.xcconfig"; path = "Target Support Files/Pods-Fan Diary/Pods-Fan Diary.debug.xcconfig"; sourceTree = "<group>"; };
		5829E35728B77FF20074816C /* Fan Diary.app */ = {isa = PBXFileReference; explicitFileType = wrapper.application; includeInIndex = 0; path = "Fan Diary.app"; sourceTree = BUILT_PRODUCTS_DIR; };
		5829E35A28B77FF20074816C /* AppDelegate.swift */ = {isa = PBXFileReference; lastKnownFileType = sourcecode.swift; path = AppDelegate.swift; sourceTree = "<group>"; };
		5829E35C28B77FF20074816C /* SceneDelegate.swift */ = {isa = PBXFileReference; lastKnownFileType = sourcecode.swift; path = SceneDelegate.swift; sourceTree = "<group>"; };
		5829E36128B77FF20074816C /* Base */ = {isa = PBXFileReference; lastKnownFileType = file.storyboard; name = Base; path = Base.lproj/Main.storyboard; sourceTree = "<group>"; };
		5829E36328B77FF40074816C /* Assets.xcassets */ = {isa = PBXFileReference; lastKnownFileType = folder.assetcatalog; path = Assets.xcassets; sourceTree = "<group>"; };
		5829E36628B77FF40074816C /* Base */ = {isa = PBXFileReference; lastKnownFileType = file.storyboard; name = Base; path = Base.lproj/LaunchScreen.storyboard; sourceTree = "<group>"; };
		5829E36828B77FF40074816C /* Info.plist */ = {isa = PBXFileReference; lastKnownFileType = text.plist.xml; path = Info.plist; sourceTree = "<group>"; };
		5829E36E28B782550074816C /* MainTableViewController.swift */ = {isa = PBXFileReference; lastKnownFileType = sourcecode.swift; path = MainTableViewController.swift; sourceTree = "<group>"; };
		5829E37028B7C56A0074816C /* CustomTableViewCell.swift */ = {isa = PBXFileReference; lastKnownFileType = sourcecode.swift; path = CustomTableViewCell.swift; sourceTree = "<group>"; };
		5829E37228B7DBD40074816C /* StadiumModel.swift */ = {isa = PBXFileReference; lastKnownFileType = sourcecode.swift; path = StadiumModel.swift; sourceTree = "<group>"; };
		5829E37428B8D34D0074816C /* NewClubTableViewController.swift */ = {isa = PBXFileReference; lastKnownFileType = sourcecode.swift; path = NewClubTableViewController.swift; sourceTree = "<group>"; };
		5829E37628BA4A260074816C /* StorageManager.swift */ = {isa = PBXFileReference; lastKnownFileType = sourcecode.swift; path = StorageManager.swift; sourceTree = "<group>"; };
		58CA915028BCDF7D00F8CB72 /* RatingControl.swift */ = {isa = PBXFileReference; lastKnownFileType = sourcecode.swift; path = RatingControl.swift; sourceTree = "<group>"; };
		58DD6FBD28D0D6DA0053F50D /* MapManager.swift */ = {isa = PBXFileReference; lastKnownFileType = sourcecode.swift; path = MapManager.swift; sourceTree = "<group>"; };
		58E8C32C28C0C14C0052B8D4 /* MapViewController.swift */ = {isa = PBXFileReference; lastKnownFileType = sourcecode.swift; path = MapViewController.swift; sourceTree = "<group>"; };
		841E5BA5DFFF7BB6F0A03940 /* Pods_Fan_Diary.framework */ = {isa = PBXFileReference; explicitFileType = wrapper.framework; includeInIndex = 0; path = Pods_Fan_Diary.framework; sourceTree = BUILT_PRODUCTS_DIR; };
		FA983B216FAE6A154CF759F4 /* Pods-Fan Diary.release.xcconfig */ = {isa = PBXFileReference; includeInIndex = 1; lastKnownFileType = text.xcconfig; name = "Pods-Fan Diary.release.xcconfig"; path = "Target Support Files/Pods-Fan Diary/Pods-Fan Diary.release.xcconfig"; sourceTree = "<group>"; };
/* End PBXFileReference section */

/* Begin PBXFrameworksBuildPhase section */
		5829E35428B77FF20074816C /* Frameworks */ = {
			isa = PBXFrameworksBuildPhase;
			buildActionMask = 2147483647;
			files = (
				6D5586FD53AAC1F97DAF3AF2 /* Pods_Fan_Diary.framework in Frameworks */,
			);
			runOnlyForDeploymentPostprocessing = 0;
		};
/* End PBXFrameworksBuildPhase section */

/* Begin PBXGroup section */
		049DD7DA537CC714BA48D611 /* Frameworks */ = {
			isa = PBXGroup;
			children = (
				841E5BA5DFFF7BB6F0A03940 /* Pods_Fan_Diary.framework */,
			);
			name = Frameworks;
			sourceTree = "<group>";
		};
		38B8569F1D2526795EC5E58F /* Pods */ = {
			isa = PBXGroup;
			children = (
				249758128C4A879926762277 /* Pods-Fan Diary.debug.xcconfig */,
				FA983B216FAE6A154CF759F4 /* Pods-Fan Diary.release.xcconfig */,
			);
			path = Pods;
			sourceTree = "<group>";
		};
		5829E34E28B77FF20074816C = {
			isa = PBXGroup;
			children = (
				5829E35928B77FF20074816C /* Fan Diary */,
				5829E35828B77FF20074816C /* Products */,
				38B8569F1D2526795EC5E58F /* Pods */,
				049DD7DA537CC714BA48D611 /* Frameworks */,
			);
			sourceTree = "<group>";
		};
		5829E35828B77FF20074816C /* Products */ = {
			isa = PBXGroup;
			children = (
				5829E35728B77FF20074816C /* Fan Diary.app */,
			);
			name = Products;
			sourceTree = "<group>";
		};
		5829E35928B77FF20074816C /* Fan Diary */ = {
			isa = PBXGroup;
			children = (
				58DD6FBF28D0E9150053F50D /* ViewControllers */,
				58DD6FC128D0E99C0053F50D /* Helpers */,
				58DD6FC028D0E97C0053F50D /* Models */,
				58DD6FC228D0E9DA0053F50D /* Support Files */,
				58DD6FC328D0EA1A0053F50D /* IBulder */,
			);
			path = "Fan Diary";
			sourceTree = "<group>";
		};
		58DD6FBF28D0E9150053F50D /* ViewControllers */ = {
			isa = PBXGroup;
			children = (
				5829E37028B7C56A0074816C /* CustomTableViewCell.swift */,
				5829E36E28B782550074816C /* MainTableViewController.swift */,
				5829E37428B8D34D0074816C /* NewClubTableViewController.swift */,
				58E8C32C28C0C14C0052B8D4 /* MapViewController.swift */,
			);
			path = ViewControllers;
			sourceTree = "<group>";
		};
		58DD6FC028D0E97C0053F50D /* Models */ = {
			isa = PBXGroup;
			children = (
				5829E37228B7DBD40074816C /* StadiumModel.swift */,
			);
			path = Models;
			sourceTree = "<group>";
		};
		58DD6FC128D0E99C0053F50D /* Helpers */ = {
			isa = PBXGroup;
			children = (
				58CA915028BCDF7D00F8CB72 /* RatingControl.swift */,
				5829E37628BA4A260074816C /* StorageManager.swift */,
				58DD6FBD28D0D6DA0053F50D /* MapManager.swift */,
			);
			path = Helpers;
			sourceTree = "<group>";
		};
		58DD6FC228D0E9DA0053F50D /* Support Files */ = {
			isa = PBXGroup;
			children = (
				5829E36828B77FF40074816C /* Info.plist */,
				5829E36328B77FF40074816C /* Assets.xcassets */,
				5829E35C28B77FF20074816C /* SceneDelegate.swift */,
				5829E35A28B77FF20074816C /* AppDelegate.swift */,
			);
			path = "Support Files";
			sourceTree = "<group>";
		};
		58DD6FC328D0EA1A0053F50D /* IBulder */ = {
			isa = PBXGroup;
			children = (
				5829E36528B77FF40074816C /* LaunchScreen.storyboard */,
				5829E36028B77FF20074816C /* Main.storyboard */,
			);
			path = IBulder;
			sourceTree = "<group>";
		};
/* End PBXGroup section */

/* Begin PBXNativeTarget section */
		5829E35628B77FF20074816C /* Fan Diary */ = {
			isa = PBXNativeTarget;
			buildConfigurationList = 5829E36B28B77FF40074816C /* Build configuration list for PBXNativeTarget "Fan Diary" */;
			buildPhases = (
				BD735B3029DF82A71FC22580 /* [CP] Check Pods Manifest.lock */,
				5829E35328B77FF20074816C /* Sources */,
				5829E35428B77FF20074816C /* Frameworks */,
				5829E35528B77FF20074816C /* Resources */,
				7C1A221D22CA4E9336AD72DE /* [CP] Embed Pods Frameworks */,
			);
			buildRules = (
			);
			dependencies = (
			);
			name = "Fan Diary";
			productName = "Fan Diary";
			productReference = 5829E35728B77FF20074816C /* Fan Diary.app */;
			productType = "com.apple.product-type.application";
		};
/* End PBXNativeTarget section */

/* Begin PBXProject section */
		5829E34F28B77FF20074816C /* Project object */ = {
			isa = PBXProject;
			attributes = {
				BuildIndependentTargetsInParallel = 1;
				LastSwiftUpdateCheck = 1340;
				LastUpgradeCheck = 1340;
				TargetAttributes = {
					5829E35628B77FF20074816C = {
						CreatedOnToolsVersion = 13.4.1;
					};
				};
			};
			buildConfigurationList = 5829E35228B77FF20074816C /* Build configuration list for PBXProject "Fan Diary" */;
			compatibilityVersion = "Xcode 13.0";
			developmentRegion = en;
			hasScannedForEncodings = 0;
			knownRegions = (
				en,
				Base,
			);
			mainGroup = 5829E34E28B77FF20074816C;
			productRefGroup = 5829E35828B77FF20074816C /* Products */;
			projectDirPath = "";
			projectRoot = "";
			targets = (
				5829E35628B77FF20074816C /* Fan Diary */,
			);
		};
/* End PBXProject section */

/* Begin PBXResourcesBuildPhase section */
		5829E35528B77FF20074816C /* Resources */ = {
			isa = PBXResourcesBuildPhase;
			buildActionMask = 2147483647;
			files = (
				5829E36728B77FF40074816C /* LaunchScreen.storyboard in Resources */,
				5829E36428B77FF40074816C /* Assets.xcassets in Resources */,
				5829E36228B77FF20074816C /* Main.storyboard in Resources */,
			);
			runOnlyForDeploymentPostprocessing = 0;
		};
/* End PBXResourcesBuildPhase section */

/* Begin PBXShellScriptBuildPhase section */
		7C1A221D22CA4E9336AD72DE /* [CP] Embed Pods Frameworks */ = {
			isa = PBXShellScriptBuildPhase;
			buildActionMask = 2147483647;
			files = (
			);
			inputFileListPaths = (
				"${PODS_ROOT}/Target Support Files/Pods-Fan Diary/Pods-Fan Diary-frameworks-${CONFIGURATION}-input-files.xcfilelist",
			);
			name = "[CP] Embed Pods Frameworks";
			outputFileListPaths = (
				"${PODS_ROOT}/Target Support Files/Pods-Fan Diary/Pods-Fan Diary-frameworks-${CONFIGURATION}-output-files.xcfilelist",
			);
			runOnlyForDeploymentPostprocessing = 0;
			shellPath = /bin/sh;
			shellScript = "\"${PODS_ROOT}/Target Support Files/Pods-Fan Diary/Pods-Fan Diary-frameworks.sh\"\n";
			showEnvVarsInLog = 0;
		};
		BD735B3029DF82A71FC22580 /* [CP] Check Pods Manifest.lock */ = {
			isa = PBXShellScriptBuildPhase;
			buildActionMask = 2147483647;
			files = (
			);
			inputFileListPaths = (
			);
			inputPaths = (
				"${PODS_PODFILE_DIR_PATH}/Podfile.lock",
				"${PODS_ROOT}/Manifest.lock",
			);
			name = "[CP] Check Pods Manifest.lock";
			outputFileListPaths = (
			);
			outputPaths = (
				"$(DERIVED_FILE_DIR)/Pods-Fan Diary-checkManifestLockResult.txt",
			);
			runOnlyForDeploymentPostprocessing = 0;
			shellPath = /bin/sh;
			shellScript = "diff \"${PODS_PODFILE_DIR_PATH}/Podfile.lock\" \"${PODS_ROOT}/Manifest.lock\" > /dev/null\nif [ $? != 0 ] ; then\n    # print error to STDERR\n    echo \"error: The sandbox is not in sync with the Podfile.lock. Run 'pod install' or update your CocoaPods installation.\" >&2\n    exit 1\nfi\n# This output is used by Xcode 'outputs' to avoid re-running this script phase.\necho \"SUCCESS\" > \"${SCRIPT_OUTPUT_FILE_0}\"\n";
			showEnvVarsInLog = 0;
		};
/* End PBXShellScriptBuildPhase section */

/* Begin PBXSourcesBuildPhase section */
		5829E35328B77FF20074816C /* Sources */ = {
			isa = PBXSourcesBuildPhase;
			buildActionMask = 2147483647;
			files = (
				5829E35B28B77FF20074816C /* AppDelegate.swift in Sources */,
				5829E37328B7DBD40074816C /* StadiumModel.swift in Sources */,
				5829E37528B8D34D0074816C /* NewClubTableViewController.swift in Sources */,
				5829E37728BA4A260074816C /* StorageManager.swift in Sources */,
				58E8C32D28C0C14C0052B8D4 /* MapViewController.swift in Sources */,
				58CA915128BCDF7D00F8CB72 /* RatingControl.swift in Sources */,
				58DD6FBE28D0D6DA0053F50D /* MapManager.swift in Sources */,
				5829E36F28B782550074816C /* MainTableViewController.swift in Sources */,
				5829E37128B7C56B0074816C /* CustomTableViewCell.swift in Sources */,
				5829E35D28B77FF20074816C /* SceneDelegate.swift in Sources */,
			);
			runOnlyForDeploymentPostprocessing = 0;
		};
/* End PBXSourcesBuildPhase section */

/* Begin PBXVariantGroup section */
		5829E36028B77FF20074816C /* Main.storyboard */ = {
			isa = PBXVariantGroup;
			children = (
				5829E36128B77FF20074816C /* Base */,
			);
			name = Main.storyboard;
			sourceTree = "<group>";
		};
		5829E36528B77FF40074816C /* LaunchScreen.storyboard */ = {
			isa = PBXVariantGroup;
			children = (
				5829E36628B77FF40074816C /* Base */,
			);
			name = LaunchScreen.storyboard;
			sourceTree = "<group>";
		};
/* End PBXVariantGroup section */

/* Begin XCBuildConfiguration section */
		5829E36928B77FF40074816C /* Debug */ = {
			isa = XCBuildConfiguration;
			buildSettings = {
				ALWAYS_SEARCH_USER_PATHS = NO;
				CLANG_ANALYZER_NONNULL = YES;
				CLANG_ANALYZER_NUMBER_OBJECT_CONVERSION = YES_AGGRESSIVE;
				CLANG_CXX_LANGUAGE_STANDARD = "gnu++17";
				CLANG_ENABLE_MODULES = YES;
				CLANG_ENABLE_OBJC_ARC = YES;
				CLANG_ENABLE_OBJC_WEAK = YES;
				CLANG_WARN_BLOCK_CAPTURE_AUTORELEASING = YES;
				CLANG_WARN_BOOL_CONVERSION = YES;
				CLANG_WARN_COMMA = YES;
				CLANG_WARN_CONSTANT_CONVERSION = YES;
				CLANG_WARN_DEPRECATED_OBJC_IMPLEMENTATIONS = YES;
				CLANG_WARN_DIRECT_OBJC_ISA_USAGE = YES_ERROR;
				CLANG_WARN_DOCUMENTATION_COMMENTS = YES;
				CLANG_WARN_EMPTY_BODY = YES;
				CLANG_WARN_ENUM_CONVERSION = YES;
				CLANG_WARN_INFINITE_RECURSION = YES;
				CLANG_WARN_INT_CONVERSION = YES;
				CLANG_WARN_NON_LITERAL_NULL_CONVERSION = YES;
				CLANG_WARN_OBJC_IMPLICIT_RETAIN_SELF = YES;
				CLANG_WARN_OBJC_LITERAL_CONVERSION = YES;
				CLANG_WARN_OBJC_ROOT_CLASS = YES_ERROR;
				CLANG_WARN_QUOTED_INCLUDE_IN_FRAMEWORK_HEADER = YES;
				CLANG_WARN_RANGE_LOOP_ANALYSIS = YES;
				CLANG_WARN_STRICT_PROTOTYPES = YES;
				CLANG_WARN_SUSPICIOUS_MOVE = YES;
				CLANG_WARN_UNGUARDED_AVAILABILITY = YES_AGGRESSIVE;
				CLANG_WARN_UNREACHABLE_CODE = YES;
				CLANG_WARN__DUPLICATE_METHOD_MATCH = YES;
				COPY_PHASE_STRIP = NO;
				DEBUG_INFORMATION_FORMAT = dwarf;
				ENABLE_STRICT_OBJC_MSGSEND = YES;
				ENABLE_TESTABILITY = YES;
				GCC_C_LANGUAGE_STANDARD = gnu11;
				GCC_DYNAMIC_NO_PIC = NO;
				GCC_NO_COMMON_BLOCKS = YES;
				GCC_OPTIMIZATION_LEVEL = 0;
				GCC_PREPROCESSOR_DEFINITIONS = (
					"DEBUG=1",
					"$(inherited)",
				);
				GCC_WARN_64_TO_32_BIT_CONVERSION = YES;
				GCC_WARN_ABOUT_RETURN_TYPE = YES_ERROR;
				GCC_WARN_UNDECLARED_SELECTOR = YES;
				GCC_WARN_UNINITIALIZED_AUTOS = YES_AGGRESSIVE;
				GCC_WARN_UNUSED_FUNCTION = YES;
				GCC_WARN_UNUSED_VARIABLE = YES;
				IPHONEOS_DEPLOYMENT_TARGET = 15.5;
				MTL_ENABLE_DEBUG_INFO = INCLUDE_SOURCE;
				MTL_FAST_MATH = YES;
				ONLY_ACTIVE_ARCH = YES;
				SDKROOT = iphoneos;
				SWIFT_ACTIVE_COMPILATION_CONDITIONS = DEBUG;
				SWIFT_OPTIMIZATION_LEVEL = "-Onone";
			};
			name = Debug;
		};
		5829E36A28B77FF40074816C /* Release */ = {
			isa = XCBuildConfiguration;
			buildSettings = {
				ALWAYS_SEARCH_USER_PATHS = NO;
				CLANG_ANALYZER_NONNULL = YES;
				CLANG_ANALYZER_NUMBER_OBJECT_CONVERSION = YES_AGGRESSIVE;
				CLANG_CXX_LANGUAGE_STANDARD = "gnu++17";
				CLANG_ENABLE_MODULES = YES;
				CLANG_ENABLE_OBJC_ARC = YES;
				CLANG_ENABLE_OBJC_WEAK = YES;
				CLANG_WARN_BLOCK_CAPTURE_AUTORELEASING = YES;
				CLANG_WARN_BOOL_CONVERSION = YES;
				CLANG_WARN_COMMA = YES;
				CLANG_WARN_CONSTANT_CONVERSION = YES;
				CLANG_WARN_DEPRECATED_OBJC_IMPLEMENTATIONS = YES;
				CLANG_WARN_DIRECT_OBJC_ISA_USAGE = YES_ERROR;
				CLANG_WARN_DOCUMENTATION_COMMENTS = YES;
				CLANG_WARN_EMPTY_BODY = YES;
				CLANG_WARN_ENUM_CONVERSION = YES;
				CLANG_WARN_INFINITE_RECURSION = YES;
				CLANG_WARN_INT_CONVERSION = YES;
				CLANG_WARN_NON_LITERAL_NULL_CONVERSION = YES;
				CLANG_WARN_OBJC_IMPLICIT_RETAIN_SELF = YES;
				CLANG_WARN_OBJC_LITERAL_CONVERSION = YES;
				CLANG_WARN_OBJC_ROOT_CLASS = YES_ERROR;
				CLANG_WARN_QUOTED_INCLUDE_IN_FRAMEWORK_HEADER = YES;
				CLANG_WARN_RANGE_LOOP_ANALYSIS = YES;
				CLANG_WARN_STRICT_PROTOTYPES = YES;
				CLANG_WARN_SUSPICIOUS_MOVE = YES;
				CLANG_WARN_UNGUARDED_AVAILABILITY = YES_AGGRESSIVE;
				CLANG_WARN_UNREACHABLE_CODE = YES;
				CLANG_WARN__DUPLICATE_METHOD_MATCH = YES;
				COPY_PHASE_STRIP = NO;
				DEBUG_INFORMATION_FORMAT = "dwarf-with-dsym";
				ENABLE_NS_ASSERTIONS = NO;
				ENABLE_STRICT_OBJC_MSGSEND = YES;
				GCC_C_LANGUAGE_STANDARD = gnu11;
				GCC_NO_COMMON_BLOCKS = YES;
				GCC_WARN_64_TO_32_BIT_CONVERSION = YES;
				GCC_WARN_ABOUT_RETURN_TYPE = YES_ERROR;
				GCC_WARN_UNDECLARED_SELECTOR = YES;
				GCC_WARN_UNINITIALIZED_AUTOS = YES_AGGRESSIVE;
				GCC_WARN_UNUSED_FUNCTION = YES;
				GCC_WARN_UNUSED_VARIABLE = YES;
				IPHONEOS_DEPLOYMENT_TARGET = 15.5;
				MTL_ENABLE_DEBUG_INFO = NO;
				MTL_FAST_MATH = YES;
				SDKROOT = iphoneos;
				SWIFT_COMPILATION_MODE = wholemodule;
				SWIFT_OPTIMIZATION_LEVEL = "-O";
				VALIDATE_PRODUCT = YES;
			};
			name = Release;
		};
		5829E36C28B77FF40074816C /* Debug */ = {
			isa = XCBuildConfiguration;
			baseConfigurationReference = 249758128C4A879926762277 /* Pods-Fan Diary.debug.xcconfig */;
			buildSettings = {
				ASSETCATALOG_COMPILER_APPICON_NAME = AppIcon;
				ASSETCATALOG_COMPILER_GLOBAL_ACCENT_COLOR_NAME = AccentColor;
				CODE_SIGN_STYLE = Automatic;
				CURRENT_PROJECT_VERSION = 1;
				DEVELOPMENT_TEAM = G9KP9J4ZYQ;
				GENERATE_INFOPLIST_FILE = YES;
				INFOPLIST_FILE = "Fan Diary/Support Files/Info.plist";
				INFOPLIST_KEY_UIApplicationSupportsIndirectInputEvents = YES;
				INFOPLIST_KEY_UILaunchStoryboardName = LaunchScreen;
				INFOPLIST_KEY_UIMainStoryboardFile = Main;
				INFOPLIST_KEY_UISupportedInterfaceOrientations = UIInterfaceOrientationPortrait;
				INFOPLIST_KEY_UISupportedInterfaceOrientations_iPad = "UIInterfaceOrientationPortrait UIInterfaceOrientationPortraitUpsideDown UIInterfaceOrientationLandscapeLeft UIInterfaceOrientationLandscapeRight";
				INFOPLIST_KEY_UISupportedInterfaceOrientations_iPhone = "UIInterfaceOrientationPortrait UIInterfaceOrientationLandscapeLeft UIInterfaceOrientationLandscapeRight";
				LD_RUNPATH_SEARCH_PATHS = (
					"$(inherited)",
					"@executable_path/Frameworks",
				);
				MARKETING_VERSION = 1.0;
				PRODUCT_BUNDLE_IDENTIFIER = "MOHT.Fan-Diary";
				PRODUCT_NAME = "$(TARGET_NAME)";
				SWIFT_EMIT_LOC_STRINGS = YES;
				SWIFT_VERSION = 5.0;
				TARGETED_DEVICE_FAMILY = 1;
			};
			name = Debug;
		};
		5829E36D28B77FF40074816C /* Release */ = {
			isa = XCBuildConfiguration;
			baseConfigurationReference = FA983B216FAE6A154CF759F4 /* Pods-Fan Diary.release.xcconfig */;
			buildSettings = {
				ASSETCATALOG_COMPILER_APPICON_NAME = AppIcon;
				ASSETCATALOG_COMPILER_GLOBAL_ACCENT_COLOR_NAME = AccentColor;
				CODE_SIGN_STYLE = Automatic;
				CURRENT_PROJECT_VERSION = 1;
				DEVELOPMENT_TEAM = G9KP9J4ZYQ;
				GENERATE_INFOPLIST_FILE = YES;
				INFOPLIST_FILE = "Fan Diary/Support Files/Info.plist";
				INFOPLIST_KEY_UIApplicationSupportsIndirectInputEvents = YES;
				INFOPLIST_KEY_UILaunchStoryboardName = LaunchScreen;
				INFOPLIST_KEY_UIMainStoryboardFile = Main;
				INFOPLIST_KEY_UISupportedInterfaceOrientations = UIInterfaceOrientationPortrait;
				INFOPLIST_KEY_UISupportedInterfaceOrientations_iPad = "UIInterfaceOrientationPortrait UIInterfaceOrientationPortraitUpsideDown UIInterfaceOrientationLandscapeLeft UIInterfaceOrientationLandscapeRight";
				INFOPLIST_KEY_UISupportedInterfaceOrientations_iPhone = "UIInterfaceOrientationPortrait UIInterfaceOrientationLandscapeLeft UIInterfaceOrientationLandscapeRight";
				LD_RUNPATH_SEARCH_PATHS = (
					"$(inherited)",
					"@executable_path/Frameworks",
				);
				MARKETING_VERSION = 1.0;
				PRODUCT_BUNDLE_IDENTIFIER = "MOHT.Fan-Diary";
				PRODUCT_NAME = "$(TARGET_NAME)";
				SWIFT_EMIT_LOC_STRINGS = YES;
				SWIFT_VERSION = 5.0;
				TARGETED_DEVICE_FAMILY = 1;
			};
			name = Release;
		};
/* End XCBuildConfiguration section */

/* Begin XCConfigurationList section */
		5829E35228B77FF20074816C /* Build configuration list for PBXProject "Fan Diary" */ = {
			isa = XCConfigurationList;
			buildConfigurations = (
				5829E36928B77FF40074816C /* Debug */,
				5829E36A28B77FF40074816C /* Release */,
			);
			defaultConfigurationIsVisible = 0;
			defaultConfigurationName = Release;
		};
		5829E36B28B77FF40074816C /* Build configuration list for PBXNativeTarget "Fan Diary" */ = {
			isa = XCConfigurationList;
			buildConfigurations = (
				5829E36C28B77FF40074816C /* Debug */,
				5829E36D28B77FF40074816C /* Release */,
			);
			defaultConfigurationIsVisible = 0;
			defaultConfigurationName = Release;
		};
/* End XCConfigurationList section */
	};
	rootObject = 5829E34F28B77FF20074816C /* Project object */;
}
